// !$*UTF8*$!
{
	archiveVersion = 1;
	classes = {
	};
	objectVersion = 55;
	objects = {

/* Begin PBXBuildFile section */
		35DBD4AE7CB3A4DD6968BAB5 /* libPods-BanqueMisrIOSChallangeTaskTests.a in Frameworks */ = {isa = PBXBuildFile; fileRef = 4F901EA0B5D6622A157AD20E /* libPods-BanqueMisrIOSChallangeTaskTests.a */; };
		D96C2D7227C0A84D00FF74CB /* MakesListViewModel.swift in Sources */ = {isa = PBXBuildFile; fileRef = D96C2D7127C0A84D00FF74CB /* MakesListViewModel.swift */; };
		D96C2D7527C0AF1B00FF74CB /* MakeTableViewCell.swift in Sources */ = {isa = PBXBuildFile; fileRef = D96C2D7427C0AF1B00FF74CB /* MakeTableViewCell.swift */; };
		D96C2D7A27C1B60800FF74CB /* ModelsListViewController.swift in Sources */ = {isa = PBXBuildFile; fileRef = D96C2D7927C1B60800FF74CB /* ModelsListViewController.swift */; };
		D96C2D7C27C1B63500FF74CB /* ModelsListViewModel.swift in Sources */ = {isa = PBXBuildFile; fileRef = D96C2D7B27C1B63500FF74CB /* ModelsListViewModel.swift */; };
		D96C2D7F27C1BB9100FF74CB /* ModelsResponse.swift in Sources */ = {isa = PBXBuildFile; fileRef = D96C2D7E27C1BB9100FF74CB /* ModelsResponse.swift */; };
		D96C2D8227C1DD4500FF74CB /* ModelsTableViewCell.swift in Sources */ = {isa = PBXBuildFile; fileRef = D96C2D8127C1DD4500FF74CB /* ModelsTableViewCell.swift */; };
		D9F8C9E527BF0B4B0092206D /* AppDelegate.swift in Sources */ = {isa = PBXBuildFile; fileRef = D9F8C9E427BF0B4B0092206D /* AppDelegate.swift */; };
		D9F8C9E727BF0B4B0092206D /* SceneDelegate.swift in Sources */ = {isa = PBXBuildFile; fileRef = D9F8C9E627BF0B4B0092206D /* SceneDelegate.swift */; };
		D9F8C9E927BF0B4B0092206D /* ViewController.swift in Sources */ = {isa = PBXBuildFile; fileRef = D9F8C9E827BF0B4B0092206D /* ViewController.swift */; };
		D9F8C9EC27BF0B4B0092206D /* Main.storyboard in Resources */ = {isa = PBXBuildFile; fileRef = D9F8C9EA27BF0B4B0092206D /* Main.storyboard */; };
		D9F8C9EE27BF0B4D0092206D /* Assets.xcassets in Resources */ = {isa = PBXBuildFile; fileRef = D9F8C9ED27BF0B4D0092206D /* Assets.xcassets */; };
		D9F8C9F127BF0B4D0092206D /* LaunchScreen.storyboard in Resources */ = {isa = PBXBuildFile; fileRef = D9F8C9EF27BF0B4D0092206D /* LaunchScreen.storyboard */; };
		D9F8CA1B27BF0C600092206D /* NetworkRouter.swift in Sources */ = {isa = PBXBuildFile; fileRef = D9F8CA1927BF0C600092206D /* NetworkRouter.swift */; };
		D9F8CA1C27BF0C600092206D /* NetworkLayer.swift in Sources */ = {isa = PBXBuildFile; fileRef = D9F8CA1A27BF0C600092206D /* NetworkLayer.swift */; };
		D9F8CA2127BFA68D0092206D /* AllMakesResponse.swift in Sources */ = {isa = PBXBuildFile; fileRef = D9F8CA2027BFA68D0092206D /* AllMakesResponse.swift */; };
		D9F8CA2427BFA9EC0092206D /* PrintJson.swift in Sources */ = {isa = PBXBuildFile; fileRef = D9F8CA2327BFA9EC0092206D /* PrintJson.swift */; };
		D9F8CA2627BFBB020092206D /* BanqueMisrError.swift in Sources */ = {isa = PBXBuildFile; fileRef = D9F8CA2527BFBB020092206D /* BanqueMisrError.swift */; };
		D9F8CA2827BFBBF20092206D /* Response.swift in Sources */ = {isa = PBXBuildFile; fileRef = D9F8CA2727BFBBF20092206D /* Response.swift */; };
		D9F8CA2A27BFBEBF0092206D /* ErrorResponseModel.swift in Sources */ = {isa = PBXBuildFile; fileRef = D9F8CA2927BFBEBF0092206D /* ErrorResponseModel.swift */; };
		D9F8CA2C27BFE9580092206D /* NetworkLayerTests.swift in Sources */ = {isa = PBXBuildFile; fileRef = D9F8CA2B27BFE9580092206D /* NetworkLayerTests.swift */; };
		D9F8CA2E27BFEB2C0092206D /* MockURLProtocol.swift in Sources */ = {isa = PBXBuildFile; fileRef = D9F8CA2D27BFEB2C0092206D /* MockURLProtocol.swift */; };
		D9F8CA3227C001E00092206D /* ResponsesSamples.swift in Sources */ = {isa = PBXBuildFile; fileRef = D9F8CA3127C001E00092206D /* ResponsesSamples.swift */; };
		D9F8CA3827C0A4DA0092206D /* MakesListViewController.swift in Sources */ = {isa = PBXBuildFile; fileRef = D9F8CA3727C0A4DA0092206D /* MakesListViewController.swift */; };
		DBFF5AD3228276FF4E710817 /* libPods-BanqueMisrIOSChallangeTask.a in Frameworks */ = {isa = PBXBuildFile; fileRef = BEBE22368DB96AB2190F2CF8 /* libPods-BanqueMisrIOSChallangeTask.a */; };
/* End PBXBuildFile section */

/* Begin PBXContainerItemProxy section */
		D9F8C9F827BF0B4E0092206D /* PBXContainerItemProxy */ = {
			isa = PBXContainerItemProxy;
			containerPortal = D9F8C9D927BF0B4A0092206D /* Project object */;
			proxyType = 1;
			remoteGlobalIDString = D9F8C9E027BF0B4A0092206D;
			remoteInfo = BanqueMisrIOSChallangeTask;
		};
/* End PBXContainerItemProxy section */

/* Begin PBXFileReference section */
		0B84835EBFF7746F5CCE09AE /* Pods-BanqueMisrIOSChallangeTaskTests.debug.xcconfig */ = {isa = PBXFileReference; includeInIndex = 1; lastKnownFileType = text.xcconfig; name = "Pods-BanqueMisrIOSChallangeTaskTests.debug.xcconfig"; path = "Target Support Files/Pods-BanqueMisrIOSChallangeTaskTests/Pods-BanqueMisrIOSChallangeTaskTests.debug.xcconfig"; sourceTree = "<group>"; };
		4E883C38270625B944DDDB4F /* Pods-BanqueMisrIOSChallangeTask.release.xcconfig */ = {isa = PBXFileReference; includeInIndex = 1; lastKnownFileType = text.xcconfig; name = "Pods-BanqueMisrIOSChallangeTask.release.xcconfig"; path = "Target Support Files/Pods-BanqueMisrIOSChallangeTask/Pods-BanqueMisrIOSChallangeTask.release.xcconfig"; sourceTree = "<group>"; };
		4F901EA0B5D6622A157AD20E /* libPods-BanqueMisrIOSChallangeTaskTests.a */ = {isa = PBXFileReference; explicitFileType = archive.ar; includeInIndex = 0; path = "libPods-BanqueMisrIOSChallangeTaskTests.a"; sourceTree = BUILT_PRODUCTS_DIR; };
		578A67A4699ACE461A0FE9B8 /* Pods-BanqueMisrIOSChallangeTask.debug.xcconfig */ = {isa = PBXFileReference; includeInIndex = 1; lastKnownFileType = text.xcconfig; name = "Pods-BanqueMisrIOSChallangeTask.debug.xcconfig"; path = "Target Support Files/Pods-BanqueMisrIOSChallangeTask/Pods-BanqueMisrIOSChallangeTask.debug.xcconfig"; sourceTree = "<group>"; };
		9B54994942684747A8FC98A1 /* Pods-BanqueMisrIOSChallangeTaskTests.release.xcconfig */ = {isa = PBXFileReference; includeInIndex = 1; lastKnownFileType = text.xcconfig; name = "Pods-BanqueMisrIOSChallangeTaskTests.release.xcconfig"; path = "Target Support Files/Pods-BanqueMisrIOSChallangeTaskTests/Pods-BanqueMisrIOSChallangeTaskTests.release.xcconfig"; sourceTree = "<group>"; };
		BEBE22368DB96AB2190F2CF8 /* libPods-BanqueMisrIOSChallangeTask.a */ = {isa = PBXFileReference; explicitFileType = archive.ar; includeInIndex = 0; path = "libPods-BanqueMisrIOSChallangeTask.a"; sourceTree = BUILT_PRODUCTS_DIR; };
		D96C2D7127C0A84D00FF74CB /* MakesListViewModel.swift */ = {isa = PBXFileReference; lastKnownFileType = sourcecode.swift; path = MakesListViewModel.swift; sourceTree = "<group>"; };
		D96C2D7427C0AF1B00FF74CB /* MakeTableViewCell.swift */ = {isa = PBXFileReference; lastKnownFileType = sourcecode.swift; path = MakeTableViewCell.swift; sourceTree = "<group>"; };
		D96C2D7927C1B60800FF74CB /* ModelsListViewController.swift */ = {isa = PBXFileReference; lastKnownFileType = sourcecode.swift; path = ModelsListViewController.swift; sourceTree = "<group>"; };
		D96C2D7B27C1B63500FF74CB /* ModelsListViewModel.swift */ = {isa = PBXFileReference; lastKnownFileType = sourcecode.swift; path = ModelsListViewModel.swift; sourceTree = "<group>"; };
		D96C2D7E27C1BB9100FF74CB /* ModelsResponse.swift */ = {isa = PBXFileReference; lastKnownFileType = sourcecode.swift; path = ModelsResponse.swift; sourceTree = "<group>"; };
		D96C2D8127C1DD4500FF74CB /* ModelsTableViewCell.swift */ = {isa = PBXFileReference; lastKnownFileType = sourcecode.swift; path = ModelsTableViewCell.swift; sourceTree = "<group>"; };
		D9F8C9E127BF0B4A0092206D /* BanqueMisrIOSChallangeTask.app */ = {isa = PBXFileReference; explicitFileType = wrapper.application; includeInIndex = 0; path = BanqueMisrIOSChallangeTask.app; sourceTree = BUILT_PRODUCTS_DIR; };
		D9F8C9E427BF0B4B0092206D /* AppDelegate.swift */ = {isa = PBXFileReference; lastKnownFileType = sourcecode.swift; path = AppDelegate.swift; sourceTree = "<group>"; };
		D9F8C9E627BF0B4B0092206D /* SceneDelegate.swift */ = {isa = PBXFileReference; lastKnownFileType = sourcecode.swift; path = SceneDelegate.swift; sourceTree = "<group>"; };
		D9F8C9E827BF0B4B0092206D /* ViewController.swift */ = {isa = PBXFileReference; lastKnownFileType = sourcecode.swift; path = ViewController.swift; sourceTree = "<group>"; };
		D9F8C9EB27BF0B4B0092206D /* Base */ = {isa = PBXFileReference; lastKnownFileType = file.storyboard; name = Base; path = Base.lproj/Main.storyboard; sourceTree = "<group>"; };
		D9F8C9ED27BF0B4D0092206D /* Assets.xcassets */ = {isa = PBXFileReference; lastKnownFileType = folder.assetcatalog; path = Assets.xcassets; sourceTree = "<group>"; };
		D9F8C9F027BF0B4D0092206D /* Base */ = {isa = PBXFileReference; lastKnownFileType = file.storyboard; name = Base; path = Base.lproj/LaunchScreen.storyboard; sourceTree = "<group>"; };
		D9F8C9F227BF0B4D0092206D /* Info.plist */ = {isa = PBXFileReference; lastKnownFileType = text.plist.xml; path = Info.plist; sourceTree = "<group>"; };
		D9F8C9F727BF0B4E0092206D /* BanqueMisrIOSChallangeTaskTests.xctest */ = {isa = PBXFileReference; explicitFileType = wrapper.cfbundle; includeInIndex = 0; path = BanqueMisrIOSChallangeTaskTests.xctest; sourceTree = BUILT_PRODUCTS_DIR; };
		D9F8CA1927BF0C600092206D /* NetworkRouter.swift */ = {isa = PBXFileReference; fileEncoding = 4; lastKnownFileType = sourcecode.swift; path = NetworkRouter.swift; sourceTree = "<group>"; };
		D9F8CA1A27BF0C600092206D /* NetworkLayer.swift */ = {isa = PBXFileReference; fileEncoding = 4; lastKnownFileType = sourcecode.swift; path = NetworkLayer.swift; sourceTree = "<group>"; };
		D9F8CA2027BFA68D0092206D /* AllMakesResponse.swift */ = {isa = PBXFileReference; lastKnownFileType = sourcecode.swift; path = AllMakesResponse.swift; sourceTree = "<group>"; };
		D9F8CA2327BFA9EC0092206D /* PrintJson.swift */ = {isa = PBXFileReference; lastKnownFileType = sourcecode.swift; path = PrintJson.swift; sourceTree = "<group>"; };
		D9F8CA2527BFBB020092206D /* BanqueMisrError.swift */ = {isa = PBXFileReference; lastKnownFileType = sourcecode.swift; path = BanqueMisrError.swift; sourceTree = "<group>"; };
		D9F8CA2727BFBBF20092206D /* Response.swift */ = {isa = PBXFileReference; lastKnownFileType = sourcecode.swift; path = Response.swift; sourceTree = "<group>"; };
		D9F8CA2927BFBEBF0092206D /* ErrorResponseModel.swift */ = {isa = PBXFileReference; lastKnownFileType = sourcecode.swift; path = ErrorResponseModel.swift; sourceTree = "<group>"; };
		D9F8CA2B27BFE9580092206D /* NetworkLayerTests.swift */ = {isa = PBXFileReference; lastKnownFileType = sourcecode.swift; path = NetworkLayerTests.swift; sourceTree = "<group>"; };
		D9F8CA2D27BFEB2C0092206D /* MockURLProtocol.swift */ = {isa = PBXFileReference; fileEncoding = 4; lastKnownFileType = sourcecode.swift; path = MockURLProtocol.swift; sourceTree = "<group>"; };
		D9F8CA3127C001E00092206D /* ResponsesSamples.swift */ = {isa = PBXFileReference; lastKnownFileType = sourcecode.swift; path = ResponsesSamples.swift; sourceTree = "<group>"; };
		D9F8CA3727C0A4DA0092206D /* MakesListViewController.swift */ = {isa = PBXFileReference; lastKnownFileType = sourcecode.swift; path = MakesListViewController.swift; sourceTree = "<group>"; };
/* End PBXFileReference section */

/* Begin PBXFrameworksBuildPhase section */
		D9F8C9DE27BF0B4A0092206D /* Frameworks */ = {
			isa = PBXFrameworksBuildPhase;
			buildActionMask = 2147483647;
			files = (
				DBFF5AD3228276FF4E710817 /* libPods-BanqueMisrIOSChallangeTask.a in Frameworks */,
			);
			runOnlyForDeploymentPostprocessing = 0;
		};
		D9F8C9F427BF0B4E0092206D /* Frameworks */ = {
			isa = PBXFrameworksBuildPhase;
			buildActionMask = 2147483647;
			files = (
				35DBD4AE7CB3A4DD6968BAB5 /* libPods-BanqueMisrIOSChallangeTaskTests.a in Frameworks */,
			);
			runOnlyForDeploymentPostprocessing = 0;
		};
/* End PBXFrameworksBuildPhase section */

/* Begin PBXGroup section */
		326D497AB6D672B7CD0B0EBE /* Frameworks */ = {
			isa = PBXGroup;
			children = (
				BEBE22368DB96AB2190F2CF8 /* libPods-BanqueMisrIOSChallangeTask.a */,
				4F901EA0B5D6622A157AD20E /* libPods-BanqueMisrIOSChallangeTaskTests.a */,
			);
			name = Frameworks;
			sourceTree = "<group>";
		};
		838BF9A87AD8D07BF86EC91A /* Pods */ = {
			isa = PBXGroup;
			children = (
				578A67A4699ACE461A0FE9B8 /* Pods-BanqueMisrIOSChallangeTask.debug.xcconfig */,
				4E883C38270625B944DDDB4F /* Pods-BanqueMisrIOSChallangeTask.release.xcconfig */,
				0B84835EBFF7746F5CCE09AE /* Pods-BanqueMisrIOSChallangeTaskTests.debug.xcconfig */,
				9B54994942684747A8FC98A1 /* Pods-BanqueMisrIOSChallangeTaskTests.release.xcconfig */,
			);
			path = Pods;
			sourceTree = "<group>";
		};
		D96C2D7327C0AECE00FF74CB /* Views */ = {
			isa = PBXGroup;
			children = (
				D96C2D7427C0AF1B00FF74CB /* MakeTableViewCell.swift */,
			);
			path = Views;
			sourceTree = "<group>";
		};
		D96C2D7827C12FCF00FF74CB /* ModelsListScreen */ = {
			isa = PBXGroup;
			children = (
				D96C2D8027C1DC8E00FF74CB /* Views */,
				D96C2D7927C1B60800FF74CB /* ModelsListViewController.swift */,
				D96C2D7B27C1B63500FF74CB /* ModelsListViewModel.swift */,
			);
			path = ModelsListScreen;
			sourceTree = "<group>";
		};
		D96C2D7D27C1BB4C00FF74CB /* Models */ = {
			isa = PBXGroup;
			children = (
				D9F8CA2027BFA68D0092206D /* AllMakesResponse.swift */,
				D96C2D7E27C1BB9100FF74CB /* ModelsResponse.swift */,
			);
			path = Models;
			sourceTree = "<group>";
		};
		D96C2D8027C1DC8E00FF74CB /* Views */ = {
			isa = PBXGroup;
			children = (
				D96C2D8127C1DD4500FF74CB /* ModelsTableViewCell.swift */,
			);
			path = Views;
			sourceTree = "<group>";
		};
		D9F8C9D827BF0B4A0092206D = {
			isa = PBXGroup;
			children = (
				D9F8C9E327BF0B4A0092206D /* BanqueMisrIOSChallangeTask */,
				D9F8C9FA27BF0B4E0092206D /* BanqueMisrIOSChallangeTaskTests */,
				D9F8C9E227BF0B4A0092206D /* Products */,
				838BF9A87AD8D07BF86EC91A /* Pods */,
				326D497AB6D672B7CD0B0EBE /* Frameworks */,
			);
			sourceTree = "<group>";
		};
		D9F8C9E227BF0B4A0092206D /* Products */ = {
			isa = PBXGroup;
			children = (
				D9F8C9E127BF0B4A0092206D /* BanqueMisrIOSChallangeTask.app */,
				D9F8C9F727BF0B4E0092206D /* BanqueMisrIOSChallangeTaskTests.xctest */,
			);
			name = Products;
			sourceTree = "<group>";
		};
		D9F8C9E327BF0B4A0092206D /* BanqueMisrIOSChallangeTask */ = {
			isa = PBXGroup;
			children = (
				D96C2D7D27C1BB4C00FF74CB /* Models */,
				D9F8CA3327C0A4330092206D /* Scences */,
				D9F8CA3027C001C00092206D /* Json */,
				D9F8CA2227BFA9870092206D /* Extension */,
				D9F8CA1427BF0B890092206D /* Network */,
				D9F8C9E427BF0B4B0092206D /* AppDelegate.swift */,
				D9F8C9E627BF0B4B0092206D /* SceneDelegate.swift */,
				D9F8C9E827BF0B4B0092206D /* ViewController.swift */,
				D9F8C9EA27BF0B4B0092206D /* Main.storyboard */,
				D9F8C9ED27BF0B4D0092206D /* Assets.xcassets */,
				D9F8C9EF27BF0B4D0092206D /* LaunchScreen.storyboard */,
				D9F8C9F227BF0B4D0092206D /* Info.plist */,
			);
			path = BanqueMisrIOSChallangeTask;
			sourceTree = "<group>";
		};
		D9F8C9FA27BF0B4E0092206D /* BanqueMisrIOSChallangeTaskTests */ = {
			isa = PBXGroup;
			children = (
				D9F8CA2F27BFEB330092206D /* Mocks */,
				D9F8CA2B27BFE9580092206D /* NetworkLayerTests.swift */,
			);
			path = BanqueMisrIOSChallangeTaskTests;
			sourceTree = "<group>";
		};
		D9F8CA1427BF0B890092206D /* Network */ = {
			isa = PBXGroup;
			children = (
				D9F8CA1D27BFA6170092206D /* Models */,
				D9F8CA1A27BF0C600092206D /* NetworkLayer.swift */,
				D9F8CA1927BF0C600092206D /* NetworkRouter.swift */,
			);
			path = Network;
			sourceTree = "<group>";
		};
		D9F8CA1D27BFA6170092206D /* Models */ = {
			isa = PBXGroup;
			children = (
				D9F8CA2527BFBB020092206D /* BanqueMisrError.swift */,
				D9F8CA2727BFBBF20092206D /* Response.swift */,
				D9F8CA2927BFBEBF0092206D /* ErrorResponseModel.swift */,
			);
			path = Models;
			sourceTree = "<group>";
		};
		D9F8CA2227BFA9870092206D /* Extension */ = {
			isa = PBXGroup;
			children = (
				D9F8CA2327BFA9EC0092206D /* PrintJson.swift */,
			);
			path = Extension;
			sourceTree = "<group>";
		};
		D9F8CA2F27BFEB330092206D /* Mocks */ = {
			isa = PBXGroup;
			children = (
				D9F8CA2D27BFEB2C0092206D /* MockURLProtocol.swift */,
			);
			path = Mocks;
			sourceTree = "<group>";
		};
		D9F8CA3027C001C00092206D /* Json */ = {
			isa = PBXGroup;
			children = (
				D9F8CA3127C001E00092206D /* ResponsesSamples.swift */,
			);
			path = Json;
			sourceTree = "<group>";
		};
		D9F8CA3327C0A4330092206D /* Scences */ = {
			isa = PBXGroup;
			children = (
				D96C2D7827C12FCF00FF74CB /* ModelsListScreen */,
				D9F8CA3427C0A43E0092206D /* MakesListScreen */,
			);
			path = Scences;
			sourceTree = "<group>";
		};
		D9F8CA3427C0A43E0092206D /* MakesListScreen */ = {
			isa = PBXGroup;
			children = (
				D96C2D7327C0AECE00FF74CB /* Views */,
				D9F8CA3727C0A4DA0092206D /* MakesListViewController.swift */,
				D96C2D7127C0A84D00FF74CB /* MakesListViewModel.swift */,
			);
			path = MakesListScreen;
			sourceTree = "<group>";
		};
/* End PBXGroup section */

/* Begin PBXNativeTarget section */
		D9F8C9E027BF0B4A0092206D /* BanqueMisrIOSChallangeTask */ = {
			isa = PBXNativeTarget;
			buildConfigurationList = D9F8CA0B27BF0B4E0092206D /* Build configuration list for PBXNativeTarget "BanqueMisrIOSChallangeTask" */;
			buildPhases = (
				3A3BD413682D8DB20C6F17C8 /* [CP] Check Pods Manifest.lock */,
				D9F8C9DD27BF0B4A0092206D /* Sources */,
				D9F8C9DE27BF0B4A0092206D /* Frameworks */,
				D9F8C9DF27BF0B4A0092206D /* Resources */,
				D96C2D8527C25E1000FF74CB /* ShellScript */,
			);
			buildRules = (
			);
			dependencies = (
			);
			name = BanqueMisrIOSChallangeTask;
			productName = BanqueMisrIOSChallangeTask;
			productReference = D9F8C9E127BF0B4A0092206D /* BanqueMisrIOSChallangeTask.app */;
			productType = "com.apple.product-type.application";
		};
		D9F8C9F627BF0B4E0092206D /* BanqueMisrIOSChallangeTaskTests */ = {
			isa = PBXNativeTarget;
			buildConfigurationList = D9F8CA0E27BF0B4E0092206D /* Build configuration list for PBXNativeTarget "BanqueMisrIOSChallangeTaskTests" */;
			buildPhases = (
				DA85A540512C5D7B614C9B94 /* [CP] Check Pods Manifest.lock */,
				D9F8C9F327BF0B4E0092206D /* Sources */,
				D9F8C9F427BF0B4E0092206D /* Frameworks */,
				D9F8C9F527BF0B4E0092206D /* Resources */,
			);
			buildRules = (
			);
			dependencies = (
				D9F8C9F927BF0B4E0092206D /* PBXTargetDependency */,
			);
			name = BanqueMisrIOSChallangeTaskTests;
			productName = BanqueMisrIOSChallangeTaskTests;
			productReference = D9F8C9F727BF0B4E0092206D /* BanqueMisrIOSChallangeTaskTests.xctest */;
			productType = "com.apple.product-type.bundle.unit-test";
		};
/* End PBXNativeTarget section */

/* Begin PBXProject section */
		D9F8C9D927BF0B4A0092206D /* Project object */ = {
			isa = PBXProject;
			attributes = {
				BuildIndependentTargetsInParallel = 1;
				LastSwiftUpdateCheck = 1300;
				LastUpgradeCheck = 1300;
				TargetAttributes = {
					D9F8C9E027BF0B4A0092206D = {
						CreatedOnToolsVersion = 13.0;
					};
					D9F8C9F627BF0B4E0092206D = {
						CreatedOnToolsVersion = 13.0;
						TestTargetID = D9F8C9E027BF0B4A0092206D;
					};
				};
			};
			buildConfigurationList = D9F8C9DC27BF0B4A0092206D /* Build configuration list for PBXProject "BanqueMisrIOSChallangeTask" */;
			compatibilityVersion = "Xcode 13.0";
			developmentRegion = en;
			hasScannedForEncodings = 0;
			knownRegions = (
				en,
				Base,
			);
			mainGroup = D9F8C9D827BF0B4A0092206D;
			productRefGroup = D9F8C9E227BF0B4A0092206D /* Products */;
			projectDirPath = "";
			projectRoot = "";
			targets = (
				D9F8C9E027BF0B4A0092206D /* BanqueMisrIOSChallangeTask */,
				D9F8C9F627BF0B4E0092206D /* BanqueMisrIOSChallangeTaskTests */,
			);
		};
/* End PBXProject section */

/* Begin PBXResourcesBuildPhase section */
		D9F8C9DF27BF0B4A0092206D /* Resources */ = {
			isa = PBXResourcesBuildPhase;
			buildActionMask = 2147483647;
			files = (
				D9F8C9F127BF0B4D0092206D /* LaunchScreen.storyboard in Resources */,
				D9F8C9EE27BF0B4D0092206D /* Assets.xcassets in Resources */,
				D9F8C9EC27BF0B4B0092206D /* Main.storyboard in Resources */,
			);
			runOnlyForDeploymentPostprocessing = 0;
		};
		D9F8C9F527BF0B4E0092206D /* Resources */ = {
			isa = PBXResourcesBuildPhase;
			buildActionMask = 2147483647;
			files = (
			);
			runOnlyForDeploymentPostprocessing = 0;
		};
/* End PBXResourcesBuildPhase section */

/* Begin PBXShellScriptBuildPhase section */
		3A3BD413682D8DB20C6F17C8 /* [CP] Check Pods Manifest.lock */ = {
			isa = PBXShellScriptBuildPhase;
			buildActionMask = 2147483647;
			files = (
			);
			inputFileListPaths = (
			);
			inputPaths = (
				"${PODS_PODFILE_DIR_PATH}/Podfile.lock",
				"${PODS_ROOT}/Manifest.lock",
			);
			name = "[CP] Check Pods Manifest.lock";
			outputFileListPaths = (
			);
			outputPaths = (
				"$(DERIVED_FILE_DIR)/Pods-BanqueMisrIOSChallangeTask-checkManifestLockResult.txt",
			);
			runOnlyForDeploymentPostprocessing = 0;
			shellPath = /bin/sh;
			shellScript = "diff \"${PODS_PODFILE_DIR_PATH}/Podfile.lock\" \"${PODS_ROOT}/Manifest.lock\" > /dev/null\nif [ $? != 0 ] ; then\n    # print error to STDERR\n    echo \"error: The sandbox is not in sync with the Podfile.lock. Run 'pod install' or update your CocoaPods installation.\" >&2\n    exit 1\nfi\n# This output is used by Xcode 'outputs' to avoid re-running this script phase.\necho \"SUCCESS\" > \"${SCRIPT_OUTPUT_FILE_0}\"\n";
			showEnvVarsInLog = 0;
		};
		D96C2D8527C25E1000FF74CB /* ShellScript */ = {
			isa = PBXShellScriptBuildPhase;
			buildActionMask = 2147483647;
			files = (
			);
			inputFileListPaths = (
			);
			inputPaths = (
			);
			outputFileListPaths = (
			);
			outputPaths = (
			);
			runOnlyForDeploymentPostprocessing = 0;
			shellPath = /bin/sh;
			shellScript = "if which swiftlint >/dev/null; then\n  swiftlint\nelse\n  echo \"warning: SwiftLint not installed, download from https://github.com/realm/SwiftLint\"\nfi\n";
		};
		DA85A540512C5D7B614C9B94 /* [CP] Check Pods Manifest.lock */ = {
			isa = PBXShellScriptBuildPhase;
			buildActionMask = 2147483647;
			files = (
			);
			inputFileListPaths = (
			);
			inputPaths = (
				"${PODS_PODFILE_DIR_PATH}/Podfile.lock",
				"${PODS_ROOT}/Manifest.lock",
			);
			name = "[CP] Check Pods Manifest.lock";
			outputFileListPaths = (
			);
			outputPaths = (
				"$(DERIVED_FILE_DIR)/Pods-BanqueMisrIOSChallangeTaskTests-checkManifestLockResult.txt",
			);
			runOnlyForDeploymentPostprocessing = 0;
			shellPath = /bin/sh;
			shellScript = "diff \"${PODS_PODFILE_DIR_PATH}/Podfile.lock\" \"${PODS_ROOT}/Manifest.lock\" > /dev/null\nif [ $? != 0 ] ; then\n    # print error to STDERR\n    echo \"error: The sandbox is not in sync with the Podfile.lock. Run 'pod install' or update your CocoaPods installation.\" >&2\n    exit 1\nfi\n# This output is used by Xcode 'outputs' to avoid re-running this script phase.\necho \"SUCCESS\" > \"${SCRIPT_OUTPUT_FILE_0}\"\n";
			showEnvVarsInLog = 0;
		};
/* End PBXShellScriptBuildPhase section */

/* Begin PBXSourcesBuildPhase section */
		D9F8C9DD27BF0B4A0092206D /* Sources */ = {
			isa = PBXSourcesBuildPhase;
			buildActionMask = 2147483647;
			files = (
				D96C2D7F27C1BB9100FF74CB /* ModelsResponse.swift in Sources */,
				D96C2D7C27C1B63500FF74CB /* ModelsListViewModel.swift in Sources */,
				D9F8CA2427BFA9EC0092206D /* PrintJson.swift in Sources */,
				D96C2D7527C0AF1B00FF74CB /* MakeTableViewCell.swift in Sources */,
				D9F8CA3227C001E00092206D /* ResponsesSamples.swift in Sources */,
				D9F8C9E927BF0B4B0092206D /* ViewController.swift in Sources */,
				D9F8CA1B27BF0C600092206D /* NetworkRouter.swift in Sources */,
				D9F8CA3827C0A4DA0092206D /* MakesListViewController.swift in Sources */,
				D9F8CA2A27BFBEBF0092206D /* ErrorResponseModel.swift in Sources */,
				D9F8C9E527BF0B4B0092206D /* AppDelegate.swift in Sources */,
				D9F8CA2827BFBBF20092206D /* Response.swift in Sources */,
				D96C2D7A27C1B60800FF74CB /* ModelsListViewController.swift in Sources */,
				D9F8CA1C27BF0C600092206D /* NetworkLayer.swift in Sources */,
				D96C2D8227C1DD4500FF74CB /* ModelsTableViewCell.swift in Sources */,
				D96C2D7227C0A84D00FF74CB /* MakesListViewModel.swift in Sources */,
				D9F8CA2627BFBB020092206D /* BanqueMisrError.swift in Sources */,
				D9F8CA2127BFA68D0092206D /* AllMakesResponse.swift in Sources */,
				D9F8C9E727BF0B4B0092206D /* SceneDelegate.swift in Sources */,
			);
			runOnlyForDeploymentPostprocessing = 0;
		};
		D9F8C9F327BF0B4E0092206D /* Sources */ = {
			isa = PBXSourcesBuildPhase;
			buildActionMask = 2147483647;
			files = (
				D9F8CA2E27BFEB2C0092206D /* MockURLProtocol.swift in Sources */,
				D9F8CA2C27BFE9580092206D /* NetworkLayerTests.swift in Sources */,
			);
			runOnlyForDeploymentPostprocessing = 0;
		};
/* End PBXSourcesBuildPhase section */

/* Begin PBXTargetDependency section */
		D9F8C9F927BF0B4E0092206D /* PBXTargetDependency */ = {
			isa = PBXTargetDependency;
			target = D9F8C9E027BF0B4A0092206D /* BanqueMisrIOSChallangeTask */;
			targetProxy = D9F8C9F827BF0B4E0092206D /* PBXContainerItemProxy */;
		};
/* End PBXTargetDependency section */

/* Begin PBXVariantGroup section */
		D9F8C9EA27BF0B4B0092206D /* Main.storyboard */ = {
			isa = PBXVariantGroup;
			children = (
				D9F8C9EB27BF0B4B0092206D /* Base */,
			);
			name = Main.storyboard;
			sourceTree = "<group>";
		};
		D9F8C9EF27BF0B4D0092206D /* LaunchScreen.storyboard */ = {
			isa = PBXVariantGroup;
			children = (
				D9F8C9F027BF0B4D0092206D /* Base */,
			);
			name = LaunchScreen.storyboard;
			sourceTree = "<group>";
		};
/* End PBXVariantGroup section */

/* Begin XCBuildConfiguration section */
		D9F8CA0927BF0B4E0092206D /* Debug */ = {
			isa = XCBuildConfiguration;
			buildSettings = {
				ALWAYS_SEARCH_USER_PATHS = NO;
				CLANG_ANALYZER_NONNULL = YES;
				CLANG_ANALYZER_NUMBER_OBJECT_CONVERSION = YES_AGGRESSIVE;
				CLANG_CXX_LANGUAGE_STANDARD = "gnu++17";
				CLANG_CXX_LIBRARY = "libc++";
				CLANG_ENABLE_MODULES = YES;
				CLANG_ENABLE_OBJC_ARC = YES;
				CLANG_ENABLE_OBJC_WEAK = YES;
				CLANG_WARN_BLOCK_CAPTURE_AUTORELEASING = YES;
				CLANG_WARN_BOOL_CONVERSION = YES;
				CLANG_WARN_COMMA = YES;
				CLANG_WARN_CONSTANT_CONVERSION = YES;
				CLANG_WARN_DEPRECATED_OBJC_IMPLEMENTATIONS = YES;
				CLANG_WARN_DIRECT_OBJC_ISA_USAGE = YES_ERROR;
				CLANG_WARN_DOCUMENTATION_COMMENTS = YES;
				CLANG_WARN_EMPTY_BODY = YES;
				CLANG_WARN_ENUM_CONVERSION = YES;
				CLANG_WARN_INFINITE_RECURSION = YES;
				CLANG_WARN_INT_CONVERSION = YES;
				CLANG_WARN_NON_LITERAL_NULL_CONVERSION = YES;
				CLANG_WARN_OBJC_IMPLICIT_RETAIN_SELF = YES;
				CLANG_WARN_OBJC_LITERAL_CONVERSION = YES;
				CLANG_WARN_OBJC_ROOT_CLASS = YES_ERROR;
				CLANG_WARN_QUOTED_INCLUDE_IN_FRAMEWORK_HEADER = YES;
				CLANG_WARN_RANGE_LOOP_ANALYSIS = YES;
				CLANG_WARN_STRICT_PROTOTYPES = YES;
				CLANG_WARN_SUSPICIOUS_MOVE = YES;
				CLANG_WARN_UNGUARDED_AVAILABILITY = YES_AGGRESSIVE;
				CLANG_WARN_UNREACHABLE_CODE = YES;
				CLANG_WARN__DUPLICATE_METHOD_MATCH = YES;
				COPY_PHASE_STRIP = NO;
				DEBUG_INFORMATION_FORMAT = dwarf;
				ENABLE_STRICT_OBJC_MSGSEND = YES;
				ENABLE_TESTABILITY = YES;
				GCC_C_LANGUAGE_STANDARD = gnu11;
				GCC_DYNAMIC_NO_PIC = NO;
				GCC_NO_COMMON_BLOCKS = YES;
				GCC_OPTIMIZATION_LEVEL = 0;
				GCC_PREPROCESSOR_DEFINITIONS = (
					"DEBUG=1",
					"$(inherited)",
				);
				GCC_WARN_64_TO_32_BIT_CONVERSION = YES;
				GCC_WARN_ABOUT_RETURN_TYPE = YES_ERROR;
				GCC_WARN_UNDECLARED_SELECTOR = YES;
				GCC_WARN_UNINITIALIZED_AUTOS = YES_AGGRESSIVE;
				GCC_WARN_UNUSED_FUNCTION = YES;
				GCC_WARN_UNUSED_VARIABLE = YES;
				IPHONEOS_DEPLOYMENT_TARGET = 15.0;
				MTL_ENABLE_DEBUG_INFO = INCLUDE_SOURCE;
				MTL_FAST_MATH = YES;
				ONLY_ACTIVE_ARCH = YES;
				SDKROOT = iphoneos;
				SWIFT_ACTIVE_COMPILATION_CONDITIONS = DEBUG;
				SWIFT_OPTIMIZATION_LEVEL = "-Onone";
			};
			name = Debug;
		};
		D9F8CA0A27BF0B4E0092206D /* Release */ = {
			isa = XCBuildConfiguration;
			buildSettings = {
				ALWAYS_SEARCH_USER_PATHS = NO;
				CLANG_ANALYZER_NONNULL = YES;
				CLANG_ANALYZER_NUMBER_OBJECT_CONVERSION = YES_AGGRESSIVE;
				CLANG_CXX_LANGUAGE_STANDARD = "gnu++17";
				CLANG_CXX_LIBRARY = "libc++";
				CLANG_ENABLE_MODULES = YES;
				CLANG_ENABLE_OBJC_ARC = YES;
				CLANG_ENABLE_OBJC_WEAK = YES;
				CLANG_WARN_BLOCK_CAPTURE_AUTORELEASING = YES;
				CLANG_WARN_BOOL_CONVERSION = YES;
				CLANG_WARN_COMMA = YES;
				CLANG_WARN_CONSTANT_CONVERSION = YES;
				CLANG_WARN_DEPRECATED_OBJC_IMPLEMENTATIONS = YES;
				CLANG_WARN_DIRECT_OBJC_ISA_USAGE = YES_ERROR;
				CLANG_WARN_DOCUMENTATION_COMMENTS = YES;
				CLANG_WARN_EMPTY_BODY = YES;
				CLANG_WARN_ENUM_CONVERSION = YES;
				CLANG_WARN_INFINITE_RECURSION = YES;
				CLANG_WARN_INT_CONVERSION = YES;
				CLANG_WARN_NON_LITERAL_NULL_CONVERSION = YES;
				CLANG_WARN_OBJC_IMPLICIT_RETAIN_SELF = YES;
				CLANG_WARN_OBJC_LITERAL_CONVERSION = YES;
				CLANG_WARN_OBJC_ROOT_CLASS = YES_ERROR;
				CLANG_WARN_QUOTED_INCLUDE_IN_FRAMEWORK_HEADER = YES;
				CLANG_WARN_RANGE_LOOP_ANALYSIS = YES;
				CLANG_WARN_STRICT_PROTOTYPES = YES;
				CLANG_WARN_SUSPICIOUS_MOVE = YES;
				CLANG_WARN_UNGUARDED_AVAILABILITY = YES_AGGRESSIVE;
				CLANG_WARN_UNREACHABLE_CODE = YES;
				CLANG_WARN__DUPLICATE_METHOD_MATCH = YES;
				COPY_PHASE_STRIP = NO;
				DEBUG_INFORMATION_FORMAT = "dwarf-with-dsym";
				ENABLE_NS_ASSERTIONS = NO;
				ENABLE_STRICT_OBJC_MSGSEND = YES;
				GCC_C_LANGUAGE_STANDARD = gnu11;
				GCC_NO_COMMON_BLOCKS = YES;
				GCC_WARN_64_TO_32_BIT_CONVERSION = YES;
				GCC_WARN_ABOUT_RETURN_TYPE = YES_ERROR;
				GCC_WARN_UNDECLARED_SELECTOR = YES;
				GCC_WARN_UNINITIALIZED_AUTOS = YES_AGGRESSIVE;
				GCC_WARN_UNUSED_FUNCTION = YES;
				GCC_WARN_UNUSED_VARIABLE = YES;
				IPHONEOS_DEPLOYMENT_TARGET = 15.0;
				MTL_ENABLE_DEBUG_INFO = NO;
				MTL_FAST_MATH = YES;
				SDKROOT = iphoneos;
				SWIFT_COMPILATION_MODE = wholemodule;
				SWIFT_OPTIMIZATION_LEVEL = "-O";
				VALIDATE_PRODUCT = YES;
			};
			name = Release;
		};
		D9F8CA0C27BF0B4E0092206D /* Debug */ = {
			isa = XCBuildConfiguration;
			baseConfigurationReference = 578A67A4699ACE461A0FE9B8 /* Pods-BanqueMisrIOSChallangeTask.debug.xcconfig */;
			buildSettings = {
				ASSETCATALOG_COMPILER_APPICON_NAME = AppIcon;
				ASSETCATALOG_COMPILER_GLOBAL_ACCENT_COLOR_NAME = AccentColor;
				CODE_SIGN_STYLE = Automatic;
				CURRENT_PROJECT_VERSION = 1;
				DEVELOPMENT_TEAM = 44A5JY5CZ6;
				GENERATE_INFOPLIST_FILE = YES;
				INFOPLIST_FILE = BanqueMisrIOSChallangeTask/Info.plist;
				INFOPLIST_KEY_UIApplicationSupportsIndirectInputEvents = YES;
				INFOPLIST_KEY_UILaunchStoryboardName = LaunchScreen;
				INFOPLIST_KEY_UIMainStoryboardFile = Main;
				INFOPLIST_KEY_UISupportedInterfaceOrientations = "UIInterfaceOrientationPortrait UIInterfaceOrientationLandscapeLeft UIInterfaceOrientationLandscapeRight";
				INFOPLIST_KEY_UISupportedInterfaceOrientations_iPad = "UIInterfaceOrientationPortrait UIInterfaceOrientationPortraitUpsideDown UIInterfaceOrientationLandscapeLeft UIInterfaceOrientationLandscapeRight";
				INFOPLIST_KEY_UISupportedInterfaceOrientations_iPhone = "UIInterfaceOrientationPortrait UIInterfaceOrientationLandscapeLeft UIInterfaceOrientationLandscapeRight";
				LD_RUNPATH_SEARCH_PATHS = (
					"$(inherited)",
					"@executable_path/Frameworks",
				);
				MARKETING_VERSION = 1.0;
				PRODUCT_BUNDLE_IDENTIFIER = com.Check24.BanqueMisrIOSChallangeTask;
				PRODUCT_NAME = "$(TARGET_NAME)";
				SWIFT_EMIT_LOC_STRINGS = YES;
				SWIFT_VERSION = 5.0;
				TARGETED_DEVICE_FAMILY = "1,2";
			};
			name = Debug;
		};
		D9F8CA0D27BF0B4E0092206D /* Release */ = {
			isa = XCBuildConfiguration;
			baseConfigurationReference = 4E883C38270625B944DDDB4F /* Pods-BanqueMisrIOSChallangeTask.release.xcconfig */;
			buildSettings = {
				ASSETCATALOG_COMPILER_APPICON_NAME = AppIcon;
				ASSETCATALOG_COMPILER_GLOBAL_ACCENT_COLOR_NAME = AccentColor;
				CODE_SIGN_STYLE = Automatic;
				CURRENT_PROJECT_VERSION = 1;
				DEVELOPMENT_TEAM = 44A5JY5CZ6;
				GENERATE_INFOPLIST_FILE = YES;
				INFOPLIST_FILE = BanqueMisrIOSChallangeTask/Info.plist;
				INFOPLIST_KEY_UIApplicationSupportsIndirectInputEvents = YES;
				INFOPLIST_KEY_UILaunchStoryboardName = LaunchScreen;
				INFOPLIST_KEY_UIMainStoryboardFile = Main;
				INFOPLIST_KEY_UISupportedInterfaceOrientations = "UIInterfaceOrientationPortrait UIInterfaceOrientationLandscapeLeft UIInterfaceOrientationLandscapeRight";
				INFOPLIST_KEY_UISupportedInterfaceOrientations_iPad = "UIInterfaceOrientationPortrait UIInterfaceOrientationPortraitUpsideDown UIInterfaceOrientationLandscapeLeft UIInterfaceOrientationLandscapeRight";
				INFOPLIST_KEY_UISupportedInterfaceOrientations_iPhone = "UIInterfaceOrientationPortrait UIInterfaceOrientationLandscapeLeft UIInterfaceOrientationLandscapeRight";
				LD_RUNPATH_SEARCH_PATHS = (
					"$(inherited)",
					"@executable_path/Frameworks",
				);
				MARKETING_VERSION = 1.0;
				PRODUCT_BUNDLE_IDENTIFIER = com.Check24.BanqueMisrIOSChallangeTask;
				PRODUCT_NAME = "$(TARGET_NAME)";
				SWIFT_EMIT_LOC_STRINGS = YES;
				SWIFT_VERSION = 5.0;
				TARGETED_DEVICE_FAMILY = "1,2";
			};
			name = Release;
		};
		D9F8CA0F27BF0B4E0092206D /* Debug */ = {
			isa = XCBuildConfiguration;
			baseConfigurationReference = 0B84835EBFF7746F5CCE09AE /* Pods-BanqueMisrIOSChallangeTaskTests.debug.xcconfig */;
			buildSettings = {
				ALWAYS_EMBED_SWIFT_STANDARD_LIBRARIES = YES;
				BUNDLE_LOADER = "$(TEST_HOST)";
				CODE_SIGN_STYLE = Automatic;
				CURRENT_PROJECT_VERSION = 1;
				DEVELOPMENT_TEAM = 44A5JY5CZ6;
				GENERATE_INFOPLIST_FILE = YES;
				IPHONEOS_DEPLOYMENT_TARGET = 15.0;
				LD_RUNPATH_SEARCH_PATHS = (
					"$(inherited)",
					"@executable_path/Frameworks",
					"@loader_path/Frameworks",
				);
				MARKETING_VERSION = 1.0;
				PRODUCT_BUNDLE_IDENTIFIER = com.Check24.BanqueMisrIOSChallangeTaskTests;
				PRODUCT_NAME = "$(TARGET_NAME)";
				SWIFT_EMIT_LOC_STRINGS = NO;
				SWIFT_VERSION = 5.0;
				TARGETED_DEVICE_FAMILY = "1,2";
				TEST_HOST = "$(BUILT_PRODUCTS_DIR)/BanqueMisrIOSChallangeTask.app/BanqueMisrIOSChallangeTask";
			};
			name = Debug;
		};
		D9F8CA1027BF0B4E0092206D /* Release */ = {
			isa = XCBuildConfiguration;
			baseConfigurationReference = 9B54994942684747A8FC98A1 /* Pods-BanqueMisrIOSChallangeTaskTests.release.xcconfig */;
			buildSettings = {
				ALWAYS_EMBED_SWIFT_STANDARD_LIBRARIES = YES;
				BUNDLE_LOADER = "$(TEST_HOST)";
				CODE_SIGN_STYLE = Automatic;
				CURRENT_PROJECT_VERSION = 1;
				DEVELOPMENT_TEAM = 44A5JY5CZ6;
				GENERATE_INFOPLIST_FILE = YES;
				IPHONEOS_DEPLOYMENT_TARGET = 15.0;
				LD_RUNPATH_SEARCH_PATHS = (
					"$(inherited)",
					"@executable_path/Frameworks",
					"@loader_path/Frameworks",
				);
				MARKETING_VERSION = 1.0;
				PRODUCT_BUNDLE_IDENTIFIER = com.Check24.BanqueMisrIOSChallangeTaskTests;
				PRODUCT_NAME = "$(TARGET_NAME)";
				SWIFT_EMIT_LOC_STRINGS = NO;
				SWIFT_VERSION = 5.0;
				TARGETED_DEVICE_FAMILY = "1,2";
				TEST_HOST = "$(BUILT_PRODUCTS_DIR)/BanqueMisrIOSChallangeTask.app/BanqueMisrIOSChallangeTask";
			};
			name = Release;
		};
/* End XCBuildConfiguration section */

/* Begin XCConfigurationList section */
		D9F8C9DC27BF0B4A0092206D /* Build configuration list for PBXProject "BanqueMisrIOSChallangeTask" */ = {
			isa = XCConfigurationList;
			buildConfigurations = (
				D9F8CA0927BF0B4E0092206D /* Debug */,
				D9F8CA0A27BF0B4E0092206D /* Release */,
			);
			defaultConfigurationIsVisible = 0;
			defaultConfigurationName = Release;
		};
		D9F8CA0B27BF0B4E0092206D /* Build configuration list for PBXNativeTarget "BanqueMisrIOSChallangeTask" */ = {
			isa = XCConfigurationList;
			buildConfigurations = (
				D9F8CA0C27BF0B4E0092206D /* Debug */,
				D9F8CA0D27BF0B4E0092206D /* Release */,
			);
			defaultConfigurationIsVisible = 0;
			defaultConfigurationName = Release;
		};
		D9F8CA0E27BF0B4E0092206D /* Build configuration list for PBXNativeTarget "BanqueMisrIOSChallangeTaskTests" */ = {
			isa = XCConfigurationList;
			buildConfigurations = (
				D9F8CA0F27BF0B4E0092206D /* Debug */,
				D9F8CA1027BF0B4E0092206D /* Release */,
			);
			defaultConfigurationIsVisible = 0;
			defaultConfigurationName = Release;
		};
/* End XCConfigurationList section */
	};
	rootObject = D9F8C9D927BF0B4A0092206D /* Project object */;
}
